# THIS IS AN AUTOGENERATED FILE. DO NOT EDIT THIS FILE DIRECTLY.
# yarn lockfile v1


"@vuepress/plugin-medium-zoom@^1.7.1":
  version "1.7.1"
  resolved "https://registry.yarnpkg.com/@vuepress/plugin-medium-zoom/-/plugin-medium-zoom-1.7.1.tgz#170598bba9941dbd047cffaa659023db8f46e337"
  integrity sha512-pYI6myr4bi9SYzvR6D4r7+YpjpXgudCbontXKZIARS7hJ+kVBapVYnetrbeNFKq+7a/QGOkAuAK2j39dQLaMXQ==
  dependencies:
    medium-zoom "^1.0.4"

medium-zoom@^1.0.4:
  version "1.0.6"
  resolved "https://registry.yarnpkg.com/medium-zoom/-/medium-zoom-1.0.6.tgz#9247f21ca9313d8bbe9420aca153a410df08d027"
  integrity sha512-UdiUWfvz9fZMg1pzf4dcuqA0W079o0mpqbTnOz5ip4VGYX96QjmbM+OgOU/0uOzAytxC0Ny4z+VcYQnhdifimg==
